// !$*UTF8*$!
{
	archiveVersion = 1;
	classes = {
	};
	objectVersion = 46;
	objects = {

/* Begin PBXBuildFile section */
		BF30B18C1CB62D90002CE542 /* main.m in Sources */ = {isa = PBXBuildFile; fileRef = BF30B18B1CB62D90002CE542 /* main.m */; };
		BF30B18F1CB62D90002CE542 /* AppDelegate.m in Sources */ = {isa = PBXBuildFile; fileRef = BF30B18E1CB62D90002CE542 /* AppDelegate.m */; };
		BF30B1921CB62D90002CE542 /* ViewController.m in Sources */ = {isa = PBXBuildFile; fileRef = BF30B1911CB62D90002CE542 /* ViewController.m */; };
		BF30B1951CB62D90002CE542 /* Main.storyboard in Resources */ = {isa = PBXBuildFile; fileRef = BF30B1931CB62D90002CE542 /* Main.storyboard */; };
		BF30B1971CB62D90002CE542 /* Assets.xcassets in Resources */ = {isa = PBXBuildFile; fileRef = BF30B1961CB62D90002CE542 /* Assets.xcassets */; };
		BF30B19A1CB62D90002CE542 /* LaunchScreen.storyboard in Resources */ = {isa = PBXBuildFile; fileRef = BF30B1981CB62D90002CE542 /* LaunchScreen.storyboard */; };
		BF30B1A51CB62D90002CE542 /* test3Tests.m in Sources */ = {isa = PBXBuildFile; fileRef = BF30B1A41CB62D90002CE542 /* test3Tests.m */; };
		BF30B1B01CB62D90002CE542 /* test3UITests.m in Sources */ = {isa = PBXBuildFile; fileRef = BF30B1AF1CB62D90002CE542 /* test3UITests.m */; };
/* End PBXBuildFile section */

/* Begin PBXContainerItemProxy section */
		BF30B1A11CB62D90002CE542 /* PBXContainerItemProxy */ = {
			isa = PBXContainerItemProxy;
			containerPortal = BF30B17F1CB62D90002CE542 /* Project object */;
			proxyType = 1;
			remoteGlobalIDString = BF30B1861CB62D90002CE542;
			remoteInfo = test3;
		};
		BF30B1AC1CB62D90002CE542 /* PBXContainerItemProxy */ = {
			isa = PBXContainerItemProxy;
			containerPortal = BF30B17F1CB62D90002CE542 /* Project object */;
			proxyType = 1;
			remoteGlobalIDString = BF30B1861CB62D90002CE542;
			remoteInfo = test3;
		};
/* End PBXContainerItemProxy section */

/* Begin PBXFileReference section */
		BF30B1871CB62D90002CE542 /* test3.app */ = {isa = PBXFileReference; explicitFileType = wrapper.application; includeInIndex = 0; path = test3.app; sourceTree = BUILT_PRODUCTS_DIR; };
		BF30B18B1CB62D90002CE542 /* main.m */ = {isa = PBXFileReference; lastKnownFileType = sourcecode.c.objc; path = main.m; sourceTree = "<group>"; };
		BF30B18D1CB62D90002CE542 /* AppDelegate.h */ = {isa = PBXFileReference; lastKnownFileType = sourcecode.c.h; path = AppDelegate.h; sourceTree = "<group>"; };
		BF30B18E1CB62D90002CE542 /* AppDelegate.m */ = {isa = PBXFileReference; lastKnownFileType = sourcecode.c.objc; path = AppDelegate.m; sourceTree = "<group>"; };
		BF30B1901CB62D90002CE542 /* ViewController.h */ = {isa = PBXFileReference; lastKnownFileType = sourcecode.c.h; path = ViewController.h; sourceTree = "<group>"; };
		BF30B1911CB62D90002CE542 /* ViewController.m */ = {isa = PBXFileReference; lastKnownFileType = sourcecode.c.objc; path = ViewController.m; sourceTree = "<group>"; };
		BF30B1941CB62D90002CE542 /* Base */ = {isa = PBXFileReference; lastKnownFileType = file.storyboard; name = Base; path = Base.lproj/Main.storyboard; sourceTree = "<group>"; };
		BF30B1961CB62D90002CE542 /* Assets.xcassets */ = {isa = PBXFileReference; lastKnownFileType = folder.assetcatalog; path = Assets.xcassets; sourceTree = "<group>"; };
		BF30B1991CB62D90002CE542 /* Base */ = {isa = PBXFileReference; lastKnownFileType = file.storyboard; name = Base; path = Base.lproj/LaunchScreen.storyboard; sourceTree = "<group>"; };
		BF30B19B1CB62D90002CE542 /* Info.plist */ = {isa = PBXFileReference; lastKnownFileType = text.plist.xml; path = Info.plist; sourceTree = "<group>"; };
		BF30B1A01CB62D90002CE542 /* test3Tests.xctest */ = {isa = PBXFileReference; explicitFileType = wrapper.cfbundle; includeInIndex = 0; path = test3Tests.xctest; sourceTree = BUILT_PRODUCTS_DIR; };
		BF30B1A41CB62D90002CE542 /* test3Tests.m */ = {isa = PBXFileReference; lastKnownFileType = sourcecode.c.objc; path = test3Tests.m; sourceTree = "<group>"; };
		BF30B1A61CB62D90002CE542 /* Info.plist */ = {isa = PBXFileReference; lastKnownFileType = text.plist.xml; path = Info.plist; sourceTree = "<group>"; };
		BF30B1AB1CB62D90002CE542 /* test3UITests.xctest */ = {isa = PBXFileReference; explicitFileType = wrapper.cfbundle; includeInIndex = 0; path = test3UITests.xctest; sourceTree = BUILT_PRODUCTS_DIR; };
		BF30B1AF1CB62D90002CE542 /* test3UITests.m */ = {isa = PBXFileReference; lastKnownFileType = sourcecode.c.objc; path = test3UITests.m; sourceTree = "<group>"; };
		BF30B1B11CB62D90002CE542 /* Info.plist */ = {isa = PBXFileReference; lastKnownFileType = text.plist.xml; path = Info.plist; sourceTree = "<group>"; };
/* End PBXFileReference section */

/* Begin PBXFrameworksBuildPhase section */
		BF30B1841CB62D90002CE542 /* Frameworks */ = {
			isa = PBXFrameworksBuildPhase;
			buildActionMask = 2147483647;
			files = (
			);
			runOnlyForDeploymentPostprocessing = 0;
		};
		BF30B19D1CB62D90002CE542 /* Frameworks */ = {
			isa = PBXFrameworksBuildPhase;
			buildActionMask = 2147483647;
			files = (
			);
			runOnlyForDeploymentPostprocessing = 0;
		};
		BF30B1A81CB62D90002CE542 /* Frameworks */ = {
			isa = PBXFrameworksBuildPhase;
			buildActionMask = 2147483647;
			files = (
			);
			runOnlyForDeploymentPostprocessing = 0;
		};
/* End PBXFrameworksBuildPhase section */

/* Begin PBXGroup section */
		BF30B17E1CB62D90002CE542 = {
			isa = PBXGroup;
			children = (
				BF30B1891CB62D90002CE542 /* test3 */,
				BF30B1A31CB62D90002CE542 /* test3Tests */,
				BF30B1AE1CB62D90002CE542 /* test3UITests */,
				BF30B1881CB62D90002CE542 /* Products */,
			);
			sourceTree = "<group>";
		};
		BF30B1881CB62D90002CE542 /* Products */ = {
			isa = PBXGroup;
			children = (
				BF30B1871CB62D90002CE542 /* test3.app */,
				BF30B1A01CB62D90002CE542 /* test3Tests.xctest */,
				BF30B1AB1CB62D90002CE542 /* test3UITests.xctest */,
			);
			name = Products;
			sourceTree = "<group>";
		};
		BF30B1891CB62D90002CE542 /* test3 */ = {
			isa = PBXGroup;
			children = (
				BF30B18D1CB62D90002CE542 /* AppDelegate.h */,
				BF30B18E1CB62D90002CE542 /* AppDelegate.m */,
				BF30B1901CB62D90002CE542 /* ViewController.h */,
				BF30B1911CB62D90002CE542 /* ViewController.m */,
				BF30B1931CB62D90002CE542 /* Main.storyboard */,
				BF30B1961CB62D90002CE542 /* Assets.xcassets */,
				BF30B1981CB62D90002CE542 /* LaunchScreen.storyboard */,
				BF30B19B1CB62D90002CE542 /* Info.plist */,
				BF30B18A1CB62D90002CE542 /* Supporting Files */,
			);
			path = test3;
			sourceTree = "<group>";
		};
		BF30B18A1CB62D90002CE542 /* Supporting Files */ = {
			isa = PBXGroup;
			children = (
				BF30B18B1CB62D90002CE542 /* main.m */,
			);
			name = "Supporting Files";
			sourceTree = "<group>";
		};
		BF30B1A31CB62D90002CE542 /* test3Tests */ = {
			isa = PBXGroup;
			children = (
				BF30B1A41CB62D90002CE542 /* test3Tests.m */,
				BF30B1A61CB62D90002CE542 /* Info.plist */,
			);
			path = test3Tests;
			sourceTree = "<group>";
		};
		BF30B1AE1CB62D90002CE542 /* test3UITests */ = {
			isa = PBXGroup;
			children = (
				BF30B1AF1CB62D90002CE542 /* test3UITests.m */,
				BF30B1B11CB62D90002CE542 /* Info.plist */,
			);
			path = test3UITests;
			sourceTree = "<group>";
		};
/* End PBXGroup section */

/* Begin PBXNativeTarget section */
		BF30B1861CB62D90002CE542 /* test3 */ = {
			isa = PBXNativeTarget;
			buildConfigurationList = BF30B1B41CB62D90002CE542 /* Build configuration list for PBXNativeTarget "test3" */;
			buildPhases = (
				BF30B1831CB62D90002CE542 /* Sources */,
				BF30B1841CB62D90002CE542 /* Frameworks */,
				BF30B1851CB62D90002CE542 /* Resources */,
			);
			buildRules = (
			);
			dependencies = (
			);
			name = test3;
			productName = test3;
			productReference = BF30B1871CB62D90002CE542 /* test3.app */;
			productType = "com.apple.product-type.application";
		};
		BF30B19F1CB62D90002CE542 /* test3Tests */ = {
			isa = PBXNativeTarget;
			buildConfigurationList = BF30B1B71CB62D90002CE542 /* Build configuration list for PBXNativeTarget "test3Tests" */;
			buildPhases = (
				BF30B19C1CB62D90002CE542 /* Sources */,
				BF30B19D1CB62D90002CE542 /* Frameworks */,
				BF30B19E1CB62D90002CE542 /* Resources */,
			);
			buildRules = (
			);
			dependencies = (
				BF30B1A21CB62D90002CE542 /* PBXTargetDependency */,
			);
			name = test3Tests;
			productName = test3Tests;
			productReference = BF30B1A01CB62D90002CE542 /* test3Tests.xctest */;
			productType = "com.apple.product-type.bundle.unit-test";
		};
		BF30B1AA1CB62D90002CE542 /* test3UITests */ = {
			isa = PBXNativeTarget;
			buildConfigurationList = BF30B1BA1CB62D90002CE542 /* Build configuration list for PBXNativeTarget "test3UITests" */;
			buildPhases = (
				BF30B1A71CB62D90002CE542 /* Sources */,
				BF30B1A81CB62D90002CE542 /* Frameworks */,
				BF30B1A91CB62D90002CE542 /* Resources */,
			);
			buildRules = (
			);
			dependencies = (
				BF30B1AD1CB62D90002CE542 /* PBXTargetDependency */,
			);
			name = test3UITests;
			productName = test3UITests;
			productReference = BF30B1AB1CB62D90002CE542 /* test3UITests.xctest */;
			productType = "com.apple.product-type.bundle.ui-testing";
		};
/* End PBXNativeTarget section */

/* Begin PBXProject section */
		BF30B17F1CB62D90002CE542 /* Project object */ = {
			isa = PBXProject;
			attributes = {
				LastUpgradeCheck = 0730;
				ORGANIZATIONNAME = jun;
				TargetAttributes = {
					BF30B1861CB62D90002CE542 = {
						CreatedOnToolsVersion = 7.3;
					};
					BF30B19F1CB62D90002CE542 = {
						CreatedOnToolsVersion = 7.3;
						TestTargetID = BF30B1861CB62D90002CE542;
					};
					BF30B1AA1CB62D90002CE542 = {
						CreatedOnToolsVersion = 7.3;
						TestTargetID = BF30B1861CB62D90002CE542;
					};
				};
			};
			buildConfigurationList = BF30B1821CB62D90002CE542 /* Build configuration list for PBXProject "test3" */;
			compatibilityVersion = "Xcode 3.2";
			developmentRegion = English;
			hasScannedForEncodings = 0;
			knownRegions = (
				en,
				Base,
			);
			mainGroup = BF30B17E1CB62D90002CE542;
			productRefGroup = BF30B1881CB62D90002CE542 /* Products */;
			projectDirPath = "";
			projectRoot = "";
			targets = (
				BF30B1861CB62D90002CE542 /* test3 */,
				BF30B19F1CB62D90002CE542 /* test3Tests */,
				BF30B1AA1CB62D90002CE542 /* test3UITests */,
			);
		};
/* End PBXProject section */

/* Begin PBXResourcesBuildPhase section */
		BF30B1851CB62D90002CE542 /* Resources */ = {
			isa = PBXResourcesBuildPhase;
			buildActionMask = 2147483647;
			files = (
				BF30B19A1CB62D90002CE542 /* LaunchScreen.storyboard in Resources */,
				BF30B1971CB62D90002CE542 /* Assets.xcassets in Resources */,
				BF30B1951CB62D90002CE542 /* Main.storyboard in Resources */,
			);
			runOnlyForDeploymentPostprocessing = 0;
		};
		BF30B19E1CB62D90002CE542 /* Resources */ = {
			isa = PBXResourcesBuildPhase;
			buildActionMask = 2147483647;
			files = (
			);
			runOnlyForDeploymentPostprocessing = 0;
		};
		BF30B1A91CB62D90002CE542 /* Resources */ = {
			isa = PBXResourcesBuildPhase;
			buildActionMask = 2147483647;
			files = (
			);
			runOnlyForDeploymentPostprocessing = 0;
		};
/* End PBXResourcesBuildPhase section */

/* Begin PBXSourcesBuildPhase section */
		BF30B1831CB62D90002CE542 /* Sources */ = {
			isa = PBXSourcesBuildPhase;
			buildActionMask = 2147483647;
			files = (
				BF30B1921CB62D90002CE542 /* ViewController.m in Sources */,
				BF30B18F1CB62D90002CE542 /* AppDelegate.m in Sources */,
				BF30B18C1CB62D90002CE542 /* main.m in Sources */,
			);
			runOnlyForDeploymentPostprocessing = 0;
		};
		BF30B19C1CB62D90002CE542 /* Sources */ = {
			isa = PBXSourcesBuildPhase;
			buildActionMask = 2147483647;
			files = (
				BF30B1A51CB62D90002CE542 /* test3Tests.m in Sources */,
			);
			runOnlyForDeploymentPostprocessing = 0;
		};
		BF30B1A71CB62D90002CE542 /* Sources */ = {
			isa = PBXSourcesBuildPhase;
			buildActionMask = 2147483647;
			files = (
				BF30B1B01CB62D90002CE542 /* test3UITests.m in Sources */,
			);
			runOnlyForDeploymentPostprocessing = 0;
		};
/* End PBXSourcesBuildPhase section */

/* Begin PBXTargetDependency section */
		BF30B1A21CB62D90002CE542 /* PBXTargetDependency */ = {
			isa = PBXTargetDependency;
			target = BF30B1861CB62D90002CE542 /* test3 */;
			targetProxy = BF30B1A11CB62D90002CE542 /* PBXContainerItemProxy */;
		};
		BF30B1AD1CB62D90002CE542 /* PBXTargetDependency */ = {
			isa = PBXTargetDependency;
			target = BF30B1861CB62D90002CE542 /* test3 */;
			targetProxy = BF30B1AC1CB62D90002CE542 /* PBXContainerItemProxy */;
		};
/* End PBXTargetDependency section */

/* Begin PBXVariantGroup section */
		BF30B1931CB62D90002CE542 /* Main.storyboard */ = {
			isa = PBXVariantGroup;
			children = (
				BF30B1941CB62D90002CE542 /* Base */,
			);
			name = Main.storyboard;
			sourceTree = "<group>";
		};
		BF30B1981CB62D90002CE542 /* LaunchScreen.storyboard */ = {
			isa = PBXVariantGroup;
			children = (
				BF30B1991CB62D90002CE542 /* Base */,
			);
			name = LaunchScreen.storyboard;
			sourceTree = "<group>";
		};
/* End PBXVariantGroup section */

/* Begin XCBuildConfiguration section */
		BF30B1B21CB62D90002CE542 /* Debug */ = {
			isa = XCBuildConfiguration;
			buildSettings = {
				ALWAYS_SEARCH_USER_PATHS = NO;
				CLANG_ANALYZER_NONNULL = YES;
				CLANG_CXX_LANGUAGE_STANDARD = "gnu++0x";
				CLANG_CXX_LIBRARY = "libc++";
				CLANG_ENABLE_MODULES = YES;
				CLANG_ENABLE_OBJC_ARC = YES;
				CLANG_WARN_BOOL_CONVERSION = YES;
				CLANG_WARN_CONSTANT_CONVERSION = YES;
				CLANG_WARN_DIRECT_OBJC_ISA_USAGE = YES_ERROR;
				CLANG_WARN_EMPTY_BODY = YES;
				CLANG_WARN_ENUM_CONVERSION = YES;
				CLANG_WARN_INT_CONVERSION = YES;
				CLANG_WARN_OBJC_ROOT_CLASS = YES_ERROR;
				CLANG_WARN_UNREACHABLE_CODE = YES;
				CLANG_WARN__DUPLICATE_METHOD_MATCH = YES;
				"CODE_SIGN_IDENTITY[sdk=iphoneos*]" = "iPhone Developer";
				COPY_PHASE_STRIP = NO;
				DEBUG_INFORMATION_FORMAT = dwarf;
				ENABLE_STRICT_OBJC_MSGSEND = YES;
				ENABLE_TESTABILITY = YES;
				GCC_C_LANGUAGE_STANDARD = gnu99;
				GCC_DYNAMIC_NO_PIC = NO;
				GCC_NO_COMMON_BLOCKS = YES;
				GCC_OPTIMIZATION_LEVEL = 0;
				GCC_PREPROCESSOR_DEFINITIONS = (
					"DEBUG=1",
					"$(inherited)",
				);
				GCC_WARN_64_TO_32_BIT_CONVERSION = YES;
				GCC_WARN_ABOUT_RETURN_TYPE = YES_ERROR;
				GCC_WARN_UNDECLARED_SELECTOR = YES;
				GCC_WARN_UNINITIALIZED_AUTOS = YES_AGGRESSIVE;
				GCC_WARN_UNUSED_FUNCTION = YES;
				GCC_WARN_UNUSED_VARIABLE = YES;
				IPHONEOS_DEPLOYMENT_TARGET = 9.3;
				MTL_ENABLE_DEBUG_INFO = YES;
				ONLY_ACTIVE_ARCH = YES;
				SDKROOT = iphoneos;
				TARGETED_DEVICE_FAMILY = "1,2";
			};
			name = Debug;
		};
		BF30B1B31CB62D90002CE542 /* Release */ = {
			isa = XCBuildConfiguration;
			buildSettings = {
				ALWAYS_SEARCH_USER_PATHS = NO;
				CLANG_ANALYZER_NONNULL = YES;
				CLANG_CXX_LANGUAGE_STANDARD = "gnu++0x";
				CLANG_CXX_LIBRARY = "libc++";
				CLANG_ENABLE_MODULES = YES;
				CLANG_ENABLE_OBJC_ARC = YES;
				CLANG_WARN_BOOL_CONVERSION = YES;
				CLANG_WARN_CONSTANT_CONVERSION = YES;
				CLANG_WARN_DIRECT_OBJC_ISA_USAGE = YES_ERROR;
				CLANG_WARN_EMPTY_BODY = YES;
				CLANG_WARN_ENUM_CONVERSION = YES;
				CLANG_WARN_INT_CONVERSION = YES;
				CLANG_WARN_OBJC_ROOT_CLASS = YES_ERROR;
				CLANG_WARN_UNREACHABLE_CODE = YES;
				CLANG_WARN__DUPLICATE_METHOD_MATCH = YES;
				"CODE_SIGN_IDENTITY[sdk=iphoneos*]" = "iPhone Developer";
				COPY_PHASE_STRIP = NO;
				DEBUG_INFORMATION_FORMAT = "dwarf-with-dsym";
				ENABLE_NS_ASSERTIONS = NO;
				ENABLE_STRICT_OBJC_MSGSEND = YES;
				GCC_C_LANGUAGE_STANDARD = gnu99;
				GCC_NO_COMMON_BLOCKS = YES;
				GCC_WARN_64_TO_32_BIT_CONVERSION = YES;
				GCC_WARN_ABOUT_RETURN_TYPE = YES_ERROR;
				GCC_WARN_UNDECLARED_SELECTOR = YES;
				GCC_WARN_UNINITIALIZED_AUTOS = YES_AGGRESSIVE;
				GCC_WARN_UNUSED_FUNCTION = YES;
				GCC_WARN_UNUSED_VARIABLE = YES;
				IPHONEOS_DEPLOYMENT_TARGET = 9.3;
				MTL_ENABLE_DEBUG_INFO = NO;
				SDKROOT = iphoneos;
				TARGETED_DEVICE_FAMILY = "1,2";
				VALIDATE_PRODUCT = YES;
			};
			name = Release;
		};
		BF30B1B51CB62D90002CE542 /* Debug */ = {
			isa = XCBuildConfiguration;
			buildSettings = {
				ASSETCATALOG_COMPILER_APPICON_NAME = AppIcon;
				INFOPLIST_FILE = test3/Info.plist;
				LD_RUNPATH_SEARCH_PATHS = "$(inherited) @executable_path/Frameworks";
				PRODUCT_BUNDLE_IDENTIFIER = com.tt.test3;
				PRODUCT_NAME = "$(TARGET_NAME)";
			};
			name = Debug;
		};
		BF30B1B61CB62D90002CE542 /* Release */ = {
			isa = XCBuildConfiguration;
			buildSettings = {
				ASSETCATALOG_COMPILER_APPICON_NAME = AppIcon;
				INFOPLIST_FILE = test3/Info.plist;
				LD_RUNPATH_SEARCH_PATHS = "$(inherited) @executable_path/Frameworks";
				PRODUCT_BUNDLE_IDENTIFIER = com.tt.test3;
				PRODUCT_NAME = "$(TARGET_NAME)";
			};
			name = Release;
		};
		BF30B1B81CB62D90002CE542 /* Debug */ = {
			isa = XCBuildConfiguration;
			buildSettings = {
				BUNDLE_LOADER = "$(TEST_HOST)";
				INFOPLIST_FILE = test3Tests/Info.plist;
				LD_RUNPATH_SEARCH_PATHS = "$(inherited) @executable_path/Frameworks @loader_path/Frameworks";
				PRODUCT_BUNDLE_IDENTIFIER = com.tt.test3Tests;
				PRODUCT_NAME = "$(TARGET_NAME)";
				TEST_HOST = "$(BUILT_PRODUCTS_DIR)/test3.app/test3";
			};
			name = Debug;
		};
		BF30B1B91CB62D90002CE542 /* Release */ = {
			isa = XCBuildConfiguration;
			buildSettings = {
				BUNDLE_LOADER = "$(TEST_HOST)";
				INFOPLIST_FILE = test3Tests/Info.plist;
				LD_RUNPATH_SEARCH_PATHS = "$(inherited) @executable_path/Frameworks @loader_path/Frameworks";
				PRODUCT_BUNDLE_IDENTIFIER = com.tt.test3Tests;
				PRODUCT_NAME = "$(TARGET_NAME)";
				TEST_HOST = "$(BUILT_PRODUCTS_DIR)/test3.app/test3";
			};
			name = Release;
		};
		BF30B1BB1CB62D90002CE542 /* Debug */ = {
			isa = XCBuildConfiguration;
			buildSettings = {
				INFOPLIST_FILE = test3UITests/Info.plist;
				LD_RUNPATH_SEARCH_PATHS = "$(inherited) @executable_path/Frameworks @loader_path/Frameworks";
				PRODUCT_BUNDLE_IDENTIFIER = com.tt.test3UITests;
				PRODUCT_NAME = "$(TARGET_NAME)";
				TEST_TARGET_NAME = test3;
			};
			name = Debug;
		};
		BF30B1BC1CB62D90002CE542 /* Release */ = {
			isa = XCBuildConfiguration;
			buildSettings = {
				INFOPLIST_FILE = test3UITests/Info.plist;
				LD_RUNPATH_SEARCH_PATHS = "$(inherited) @executable_path/Frameworks @loader_path/Frameworks";
				PRODUCT_BUNDLE_IDENTIFIER = com.tt.test3UITests;
				PRODUCT_NAME = "$(TARGET_NAME)";
				TEST_TARGET_NAME = test3;
			};
			name = Release;
		};
/* End XCBuildConfiguration section */

/* Begin XCConfigurationList section */
		BF30B1821CB62D90002CE542 /* Build configuration list for PBXProject "test3" */ = {
			isa = XCConfigurationList;
			buildConfigurations = (
				BF30B1B21CB62D90002CE542 /* Debug */,
				BF30B1B31CB62D90002CE542 /* Release */,
			);
			defaultConfigurationIsVisible = 0;
			defaultConfigurationName = Release;
		};
		BF30B1B41CB62D90002CE542 /* Build configuration list for PBXNativeTarget "test3" */ = {
			isa = XCConfigurationList;
			buildConfigurations = (
				BF30B1B51CB62D90002CE542 /* Debug */,
				BF30B1B61CB62D90002CE542 /* Release */,
			);
			defaultConfigurationIsVisible = 0;
		};
		BF30B1B71CB62D90002CE542 /* Build configuration list for PBXNativeTarget "test3Tests" */ = {
			isa = XCConfigurationList;
			buildConfigurations = (
				BF30B1B81CB62D90002CE542 /* Debug */,
				BF30B1B91CB62D90002CE542 /* Release */,
			);
			defaultConfigurationIsVisible = 0;
		};
		BF30B1BA1CB62D90002CE542 /* Build configuration list for PBXNativeTarget "test3UITests" */ = {
			isa = XCConfigurationList;
			buildConfigurations = (
				BF30B1BB1CB62D90002CE542 /* Debug */,
				BF30B1BC1CB62D90002CE542 /* Release */,
			);
			defaultConfigurationIsVisible = 0;
		};
/* End XCConfigurationList section */
	};
	rootObject = BF30B17F1CB62D90002CE542 /* Project object */;
}
